<?xml version="1.0" encoding="UTF-8" standalone="yes" ?>
<CodeBlocks_project_file>
	<FileVersion major="1" minor="6" />
	<Project>
		<Option title="Util" />
		<Option pch_mode="2" />
		<Option compiler="gcc" />
		<Build>
			<Target title="Debug">
				<Option output="Debug/Util" prefix_auto="1" extension_auto="1" />
				<Option object_output="Debug/" />
				<Option type="1" />
				<Option compiler="gcc" />
				<Compiler>
					<Add option="-std=c++11" />
					<Add option="-g" />
					<Add option="-D_PLATFORM_LINUX_" />
					<Add option="-D_CPP11_" />
					<Add directory="src" />
					<Add directory="src/util" />
					<Add directory="src/util/lua/extend" />
				</Compiler>
				<Linker>
					<Add option="-lpthread" />
				</Linker>
			</Target>
			<Target title="Release">
				<Option output="Release/Util" prefix_auto="1" extension_auto="1" />
				<Option object_output="Release/" />
				<Option type="1" />
				<Option compiler="gcc" />
				<Compiler>
					<Add option="-O2" />
					<Add option="-std=c++11" />
					<Add option="-D_PLATFORM_WINDOWS_" />
					<Add option="-D_CPP11_" />
					<Add directory="src" />
					<Add directory="src/util" />
				</Compiler>
				<Linker>
					<Add option="-s" />
					<Add option="-lws2_32" />
					<Add option="-lShlwapi" />
				</Linker>
			</Target>
		</Build>
		<Compiler>
			<Add option="-Wall" />
			<Add option="-fexceptions" />
		</Compiler>
		<Unit filename="src/main.cpp" />
		<Unit filename="src/util/Eigen/Core" />
		<Unit filename="src/util/Eigen/src/Cholesky/LDLT.h" />
		<Unit filename="src/util/Eigen/src/Cholesky/LLT.h" />
		<Unit filename="src/util/Eigen/src/Cholesky/LLT_MKL.h" />
		<Unit filename="src/util/Eigen/src/CholmodSupport/CholmodSupport.h" />
		<Unit filename="src/util/Eigen/src/Core/Array.h" />
		<Unit filename="src/util/Eigen/src/Core/ArrayBase.h" />
		<Unit filename="src/util/Eigen/src/Core/ArrayWrapper.h" />
		<Unit filename="src/util/Eigen/src/Core/Assign.h" />
		<Unit filename="src/util/Eigen/src/Core/Assign_MKL.h" />
		<Unit filename="src/util/Eigen/src/Core/BandMatrix.h" />
		<Unit filename="src/util/Eigen/src/Core/Block.h" />
		<Unit filename="src/util/Eigen/src/Core/BooleanRedux.h" />
		<Unit filename="src/util/Eigen/src/Core/CommaInitializer.h" />
		<Unit filename="src/util/Eigen/src/Core/CoreIterators.h" />
		<Unit filename="src/util/Eigen/src/Core/CwiseBinaryOp.h" />
		<Unit filename="src/util/Eigen/src/Core/CwiseNullaryOp.h" />
		<Unit filename="src/util/Eigen/src/Core/CwiseUnaryOp.h" />
		<Unit filename="src/util/Eigen/src/Core/CwiseUnaryView.h" />
		<Unit filename="src/util/Eigen/src/Core/DenseBase.h" />
		<Unit filename="src/util/Eigen/src/Core/DenseCoeffsBase.h" />
		<Unit filename="src/util/Eigen/src/Core/DenseStorage.h" />
		<Unit filename="src/util/Eigen/src/Core/Diagonal.h" />
		<Unit filename="src/util/Eigen/src/Core/DiagonalMatrix.h" />
		<Unit filename="src/util/Eigen/src/Core/DiagonalProduct.h" />
		<Unit filename="src/util/Eigen/src/Core/Dot.h" />
		<Unit filename="src/util/Eigen/src/Core/EigenBase.h" />
		<Unit filename="src/util/Eigen/src/Core/Flagged.h" />
		<Unit filename="src/util/Eigen/src/Core/ForceAlignedAccess.h" />
		<Unit filename="src/util/Eigen/src/Core/Functors.h" />
		<Unit filename="src/util/Eigen/src/Core/Fuzzy.h" />
		<Unit filename="src/util/Eigen/src/Core/GeneralProduct.h" />
		<Unit filename="src/util/Eigen/src/Core/GenericPacketMath.h" />
		<Unit filename="src/util/Eigen/src/Core/GlobalFunctions.h" />
		<Unit filename="src/util/Eigen/src/Core/IO.h" />
		<Unit filename="src/util/Eigen/src/Core/Map.h" />
		<Unit filename="src/util/Eigen/src/Core/MapBase.h" />
		<Unit filename="src/util/Eigen/src/Core/MathFunctions.h" />
		<Unit filename="src/util/Eigen/src/Core/Matrix.h" />
		<Unit filename="src/util/Eigen/src/Core/MatrixBase.h" />
		<Unit filename="src/util/Eigen/src/Core/NestByValue.h" />
		<Unit filename="src/util/Eigen/src/Core/NoAlias.h" />
		<Unit filename="src/util/Eigen/src/Core/NumTraits.h" />
		<Unit filename="src/util/Eigen/src/Core/PermutationMatrix.h" />
		<Unit filename="src/util/Eigen/src/Core/PlainObjectBase.h" />
		<Unit filename="src/util/Eigen/src/Core/ProductBase.h" />
		<Unit filename="src/util/Eigen/src/Core/Random.h" />
		<Unit filename="src/util/Eigen/src/Core/Redux.h" />
		<Unit filename="src/util/Eigen/src/Core/Ref.h" />
		<Unit filename="src/util/Eigen/src/Core/Replicate.h" />
		<Unit filename="src/util/Eigen/src/Core/ReturnByValue.h" />
		<Unit filename="src/util/Eigen/src/Core/Reverse.h" />
		<Unit filename="src/util/Eigen/src/Core/Select.h" />
		<Unit filename="src/util/Eigen/src/Core/SelfAdjointView.h" />
		<Unit filename="src/util/Eigen/src/Core/SelfCwiseBinaryOp.h" />
		<Unit filename="src/util/Eigen/src/Core/SolveTriangular.h" />
		<Unit filename="src/util/Eigen/src/Core/StableNorm.h" />
		<Unit filename="src/util/Eigen/src/Core/Stride.h" />
		<Unit filename="src/util/Eigen/src/Core/Swap.h" />
		<Unit filename="src/util/Eigen/src/Core/Transpose.h" />
		<Unit filename="src/util/Eigen/src/Core/Transpositions.h" />
		<Unit filename="src/util/Eigen/src/Core/TriangularMatrix.h" />
		<Unit filename="src/util/Eigen/src/Core/VectorBlock.h" />
		<Unit filename="src/util/Eigen/src/Core/VectorwiseOp.h" />
		<Unit filename="src/util/Eigen/src/Core/Visitor.h" />
		<Unit filename="src/util/Eigen/src/Core/arch/AltiVec/Complex.h" />
		<Unit filename="src/util/Eigen/src/Core/arch/AltiVec/PacketMath.h" />
		<Unit filename="src/util/Eigen/src/Core/arch/Default/Settings.h" />
		<Unit filename="src/util/Eigen/src/Core/arch/NEON/Complex.h" />
		<Unit filename="src/util/Eigen/src/Core/arch/NEON/PacketMath.h" />
		<Unit filename="src/util/Eigen/src/Core/arch/SSE/Complex.h" />
		<Unit filename="src/util/Eigen/src/Core/arch/SSE/MathFunctions.h" />
		<Unit filename="src/util/Eigen/src/Core/arch/SSE/PacketMath.h" />
		<Unit filename="src/util/Eigen/src/Core/products/CoeffBasedProduct.h" />
		<Unit filename="src/util/Eigen/src/Core/products/GeneralBlockPanelKernel.h" />
		<Unit filename="src/util/Eigen/src/Core/products/GeneralMatrixMatrix.h" />
		<Unit filename="src/util/Eigen/src/Core/products/GeneralMatrixMatrixTriangular.h" />
		<Unit filename="src/util/Eigen/src/Core/products/GeneralMatrixMatrixTriangular_MKL.h" />
		<Unit filename="src/util/Eigen/src/Core/products/GeneralMatrixMatrix_MKL.h" />
		<Unit filename="src/util/Eigen/src/Core/products/GeneralMatrixVector.h" />
		<Unit filename="src/util/Eigen/src/Core/products/GeneralMatrixVector_MKL.h" />
		<Unit filename="src/util/Eigen/src/Core/products/Parallelizer.h" />
		<Unit filename="src/util/Eigen/src/Core/products/SelfadjointMatrixMatrix.h" />
		<Unit filename="src/util/Eigen/src/Core/products/SelfadjointMatrixMatrix_MKL.h" />
		<Unit filename="src/util/Eigen/src/Core/products/SelfadjointMatrixVector.h" />
		<Unit filename="src/util/Eigen/src/Core/products/SelfadjointMatrixVector_MKL.h" />
		<Unit filename="src/util/Eigen/src/Core/products/SelfadjointProduct.h" />
		<Unit filename="src/util/Eigen/src/Core/products/SelfadjointRank2Update.h" />
		<Unit filename="src/util/Eigen/src/Core/products/TriangularMatrixMatrix.h" />
		<Unit filename="src/util/Eigen/src/Core/products/TriangularMatrixMatrix_MKL.h" />
		<Unit filename="src/util/Eigen/src/Core/products/TriangularMatrixVector.h" />
		<Unit filename="src/util/Eigen/src/Core/products/TriangularMatrixVector_MKL.h" />
		<Unit filename="src/util/Eigen/src/Core/products/TriangularSolverMatrix.h" />
		<Unit filename="src/util/Eigen/src/Core/products/TriangularSolverMatrix_MKL.h" />
		<Unit filename="src/util/Eigen/src/Core/products/TriangularSolverVector.h" />
		<Unit filename="src/util/Eigen/src/Core/util/BlasUtil.h" />
		<Unit filename="src/util/Eigen/src/Core/util/Constants.h" />
		<Unit filename="src/util/Eigen/src/Core/util/DisableStupidWarnings.h" />
		<Unit filename="src/util/Eigen/src/Core/util/ForwardDeclarations.h" />
		<Unit filename="src/util/Eigen/src/Core/util/MKL_support.h" />
		<Unit filename="src/util/Eigen/src/Core/util/Macros.h" />
		<Unit filename="src/util/Eigen/src/Core/util/Memory.h" />
		<Unit filename="src/util/Eigen/src/Core/util/Meta.h" />
		<Unit filename="src/util/Eigen/src/Core/util/NonMPL2.h" />
		<Unit filename="src/util/Eigen/src/Core/util/ReenableStupidWarnings.h" />
		<Unit filename="src/util/Eigen/src/Core/util/StaticAssert.h" />
		<Unit filename="src/util/Eigen/src/Core/util/XprHelper.h" />
		<Unit filename="src/util/Eigen/src/Eigen2Support/Block.h" />
		<Unit filename="src/util/Eigen/src/Eigen2Support/Cwise.h" />
		<Unit filename="src/util/Eigen/src/Eigen2Support/CwiseOperators.h" />
		<Unit filename="src/util/Eigen/src/Eigen2Support/Geometry/AlignedBox.h" />
		<Unit filename="src/util/Eigen/src/Eigen2Support/Geometry/All.h" />
		<Unit filename="src/util/Eigen/src/Eigen2Support/Geometry/AngleAxis.h" />
		<Unit filename="src/util/Eigen/src/Eigen2Support/Geometry/Hyperplane.h" />
		<Unit filename="src/util/Eigen/src/Eigen2Support/Geometry/ParametrizedLine.h" />
		<Unit filename="src/util/Eigen/src/Eigen2Support/Geometry/Quaternion.h" />
		<Unit filename="src/util/Eigen/src/Eigen2Support/Geometry/Rotation2D.h" />
		<Unit filename="src/util/Eigen/src/Eigen2Support/Geometry/RotationBase.h" />
		<Unit filename="src/util/Eigen/src/Eigen2Support/Geometry/Scaling.h" />
		<Unit filename="src/util/Eigen/src/Eigen2Support/Geometry/Transform.h" />
		<Unit filename="src/util/Eigen/src/Eigen2Support/Geometry/Translation.h" />
		<Unit filename="src/util/Eigen/src/Eigen2Support/LU.h" />
		<Unit filename="src/util/Eigen/src/Eigen2Support/Lazy.h" />
		<Unit filename="src/util/Eigen/src/Eigen2Support/LeastSquares.h" />
		<Unit filename="src/util/Eigen/src/Eigen2Support/Macros.h" />
		<Unit filename="src/util/Eigen/src/Eigen2Support/MathFunctions.h" />
		<Unit filename="src/util/Eigen/src/Eigen2Support/Memory.h" />
		<Unit filename="src/util/Eigen/src/Eigen2Support/Meta.h" />
		<Unit filename="src/util/Eigen/src/Eigen2Support/Minor.h" />
		<Unit filename="src/util/Eigen/src/Eigen2Support/QR.h" />
		<Unit filename="src/util/Eigen/src/Eigen2Support/SVD.h" />
		<Unit filename="src/util/Eigen/src/Eigen2Support/TriangularSolver.h" />
		<Unit filename="src/util/Eigen/src/Eigen2Support/VectorBlock.h" />
		<Unit filename="src/util/Eigen/src/Eigenvalues/ComplexEigenSolver.h" />
		<Unit filename="src/util/Eigen/src/Eigenvalues/ComplexSchur.h" />
		<Unit filename="src/util/Eigen/src/Eigenvalues/ComplexSchur_MKL.h" />
		<Unit filename="src/util/Eigen/src/Eigenvalues/EigenSolver.h" />
		<Unit filename="src/util/Eigen/src/Eigenvalues/GeneralizedEigenSolver.h" />
		<Unit filename="src/util/Eigen/src/Eigenvalues/GeneralizedSelfAdjointEigenSolver.h" />
		<Unit filename="src/util/Eigen/src/Eigenvalues/HessenbergDecomposition.h" />
		<Unit filename="src/util/Eigen/src/Eigenvalues/MatrixBaseEigenvalues.h" />
		<Unit filename="src/util/Eigen/src/Eigenvalues/RealQZ.h" />
		<Unit filename="src/util/Eigen/src/Eigenvalues/RealSchur.h" />
		<Unit filename="src/util/Eigen/src/Eigenvalues/RealSchur_MKL.h" />
		<Unit filename="src/util/Eigen/src/Eigenvalues/SelfAdjointEigenSolver.h" />
		<Unit filename="src/util/Eigen/src/Eigenvalues/SelfAdjointEigenSolver_MKL.h" />
		<Unit filename="src/util/Eigen/src/Eigenvalues/Tridiagonalization.h" />
		<Unit filename="src/util/Eigen/src/Geometry/AlignedBox.h" />
		<Unit filename="src/util/Eigen/src/Geometry/AngleAxis.h" />
		<Unit filename="src/util/Eigen/src/Geometry/EulerAngles.h" />
		<Unit filename="src/util/Eigen/src/Geometry/Homogeneous.h" />
		<Unit filename="src/util/Eigen/src/Geometry/Hyperplane.h" />
		<Unit filename="src/util/Eigen/src/Geometry/OrthoMethods.h" />
		<Unit filename="src/util/Eigen/src/Geometry/ParametrizedLine.h" />
		<Unit filename="src/util/Eigen/src/Geometry/Quaternion.h" />
		<Unit filename="src/util/Eigen/src/Geometry/Rotation2D.h" />
		<Unit filename="src/util/Eigen/src/Geometry/RotationBase.h" />
		<Unit filename="src/util/Eigen/src/Geometry/Scaling.h" />
		<Unit filename="src/util/Eigen/src/Geometry/Transform.h" />
		<Unit filename="src/util/Eigen/src/Geometry/Translation.h" />
		<Unit filename="src/util/Eigen/src/Geometry/Umeyama.h" />
		<Unit filename="src/util/Eigen/src/Geometry/arch/Geometry_SSE.h" />
		<Unit filename="src/util/Eigen/src/Householder/BlockHouseholder.h" />
		<Unit filename="src/util/Eigen/src/Householder/Householder.h" />
		<Unit filename="src/util/Eigen/src/Householder/HouseholderSequence.h" />
		<Unit filename="src/util/Eigen/src/IterativeLinearSolvers/BasicPreconditioners.h" />
		<Unit filename="src/util/Eigen/src/IterativeLinearSolvers/BiCGSTAB.h" />
		<Unit filename="src/util/Eigen/src/IterativeLinearSolvers/ConjugateGradient.h" />
		<Unit filename="src/util/Eigen/src/IterativeLinearSolvers/IncompleteLUT.h" />
		<Unit filename="src/util/Eigen/src/IterativeLinearSolvers/IterativeSolverBase.h" />
		<Unit filename="src/util/Eigen/src/Jacobi/Jacobi.h" />
		<Unit filename="src/util/Eigen/src/LU/Determinant.h" />
		<Unit filename="src/util/Eigen/src/LU/FullPivLU.h" />
		<Unit filename="src/util/Eigen/src/LU/Inverse.h" />
		<Unit filename="src/util/Eigen/src/LU/PartialPivLU.h" />
		<Unit filename="src/util/Eigen/src/LU/PartialPivLU_MKL.h" />
		<Unit filename="src/util/Eigen/src/LU/arch/Inverse_SSE.h" />
		<Unit filename="src/util/Eigen/src/MetisSupport/MetisSupport.h" />
		<Unit filename="src/util/Eigen/src/OrderingMethods/Amd.h" />
		<Unit filename="src/util/Eigen/src/OrderingMethods/Eigen_Colamd.h" />
		<Unit filename="src/util/Eigen/src/OrderingMethods/Ordering.h" />
		<Unit filename="src/util/Eigen/src/PaStiXSupport/PaStiXSupport.h" />
		<Unit filename="src/util/Eigen/src/PardisoSupport/PardisoSupport.h" />
		<Unit filename="src/util/Eigen/src/QR/ColPivHouseholderQR.h" />
		<Unit filename="src/util/Eigen/src/QR/ColPivHouseholderQR_MKL.h" />
		<Unit filename="src/util/Eigen/src/QR/FullPivHouseholderQR.h" />
		<Unit filename="src/util/Eigen/src/QR/HouseholderQR.h" />
		<Unit filename="src/util/Eigen/src/QR/HouseholderQR_MKL.h" />
		<Unit filename="src/util/Eigen/src/SPQRSupport/SuiteSparseQRSupport.h" />
		<Unit filename="src/util/Eigen/src/SVD/JacobiSVD.h" />
		<Unit filename="src/util/Eigen/src/SVD/JacobiSVD_MKL.h" />
		<Unit filename="src/util/Eigen/src/SVD/UpperBidiagonalization.h" />
		<Unit filename="src/util/Eigen/src/SparseCholesky/SimplicialCholesky.h" />
		<Unit filename="src/util/Eigen/src/SparseCholesky/SimplicialCholesky_impl.h" />
		<Unit filename="src/util/Eigen/src/SparseCore/AmbiVector.h" />
		<Unit filename="src/util/Eigen/src/SparseCore/CompressedStorage.h" />
		<Unit filename="src/util/Eigen/src/SparseCore/ConservativeSparseSparseProduct.h" />
		<Unit filename="src/util/Eigen/src/SparseCore/MappedSparseMatrix.h" />
		<Unit filename="src/util/Eigen/src/SparseCore/SparseBlock.h" />
		<Unit filename="src/util/Eigen/src/SparseCore/SparseColEtree.h" />
		<Unit filename="src/util/Eigen/src/SparseCore/SparseCwiseBinaryOp.h" />
		<Unit filename="src/util/Eigen/src/SparseCore/SparseCwiseUnaryOp.h" />
		<Unit filename="src/util/Eigen/src/SparseCore/SparseDenseProduct.h" />
		<Unit filename="src/util/Eigen/src/SparseCore/SparseDiagonalProduct.h" />
		<Unit filename="src/util/Eigen/src/SparseCore/SparseDot.h" />
		<Unit filename="src/util/Eigen/src/SparseCore/SparseFuzzy.h" />
		<Unit filename="src/util/Eigen/src/SparseCore/SparseMatrix.h" />
		<Unit filename="src/util/Eigen/src/SparseCore/SparseMatrixBase.h" />
		<Unit filename="src/util/Eigen/src/SparseCore/SparsePermutation.h" />
		<Unit filename="src/util/Eigen/src/SparseCore/SparseProduct.h" />
		<Unit filename="src/util/Eigen/src/SparseCore/SparseRedux.h" />
		<Unit filename="src/util/Eigen/src/SparseCore/SparseSelfAdjointView.h" />
		<Unit filename="src/util/Eigen/src/SparseCore/SparseSparseProductWithPruning.h" />
		<Unit filename="src/util/Eigen/src/SparseCore/SparseTranspose.h" />
		<Unit filename="src/util/Eigen/src/SparseCore/SparseTriangularView.h" />
		<Unit filename="src/util/Eigen/src/SparseCore/SparseUtil.h" />
		<Unit filename="src/util/Eigen/src/SparseCore/SparseVector.h" />
		<Unit filename="src/util/Eigen/src/SparseCore/SparseView.h" />
		<Unit filename="src/util/Eigen/src/SparseCore/TriangularSolver.h" />
		<Unit filename="src/util/Eigen/src/SparseLU/SparseLU.h" />
		<Unit filename="src/util/Eigen/src/SparseLU/SparseLUImpl.h" />
		<Unit filename="src/util/Eigen/src/SparseLU/SparseLU_Memory.h" />
		<Unit filename="src/util/Eigen/src/SparseLU/SparseLU_Structs.h" />
		<Unit filename="src/util/Eigen/src/SparseLU/SparseLU_SupernodalMatrix.h" />
		<Unit filename="src/util/Eigen/src/SparseLU/SparseLU_Utils.h" />
		<Unit filename="src/util/Eigen/src/SparseLU/SparseLU_column_bmod.h" />
		<Unit filename="src/util/Eigen/src/SparseLU/SparseLU_column_dfs.h" />
		<Unit filename="src/util/Eigen/src/SparseLU/SparseLU_copy_to_ucol.h" />
		<Unit filename="src/util/Eigen/src/SparseLU/SparseLU_gemm_kernel.h" />
		<Unit filename="src/util/Eigen/src/SparseLU/SparseLU_heap_relax_snode.h" />
		<Unit filename="src/util/Eigen/src/SparseLU/SparseLU_kernel_bmod.h" />
		<Unit filename="src/util/Eigen/src/SparseLU/SparseLU_panel_bmod.h" />
		<Unit filename="src/util/Eigen/src/SparseLU/SparseLU_panel_dfs.h" />
		<Unit filename="src/util/Eigen/src/SparseLU/SparseLU_pivotL.h" />
		<Unit filename="src/util/Eigen/src/SparseLU/SparseLU_pruneL.h" />
		<Unit filename="src/util/Eigen/src/SparseLU/SparseLU_relax_snode.h" />
		<Unit filename="src/util/Eigen/src/SparseQR/SparseQR.h" />
		<Unit filename="src/util/Eigen/src/StlSupport/StdDeque.h" />
		<Unit filename="src/util/Eigen/src/StlSupport/StdList.h" />
		<Unit filename="src/util/Eigen/src/StlSupport/StdVector.h" />
		<Unit filename="src/util/Eigen/src/StlSupport/details.h" />
		<Unit filename="src/util/Eigen/src/SuperLUSupport/SuperLUSupport.h" />
		<Unit filename="src/util/Eigen/src/UmfPackSupport/UmfPackSupport.h" />
		<Unit filename="src/util/Eigen/src/misc/Image.h" />
		<Unit filename="src/util/Eigen/src/misc/Kernel.h" />
		<Unit filename="src/util/Eigen/src/misc/Solve.h" />
		<Unit filename="src/util/Eigen/src/misc/SparseSolve.h" />
		<Unit filename="src/util/Eigen/src/misc/blas.h" />
		<Unit filename="src/util/Eigen/src/plugins/ArrayCwiseBinaryOps.h" />
		<Unit filename="src/util/Eigen/src/plugins/ArrayCwiseUnaryOps.h" />
		<Unit filename="src/util/Eigen/src/plugins/BlockMethods.h" />
		<Unit filename="src/util/Eigen/src/plugins/CommonCwiseBinaryOps.h" />
		<Unit filename="src/util/Eigen/src/plugins/CommonCwiseUnaryOps.h" />
		<Unit filename="src/util/Eigen/src/plugins/MatrixCwiseBinaryOps.h" />
		<Unit filename="src/util/Eigen/src/plugins/MatrixCwiseUnaryOps.h" />
		<Unit filename="src/util/any.hpp" />
		<Unit filename="src/util/base.hpp" />
		<Unit filename="src/util/base/base.hpp" />
		<Unit filename="src/util/base/baseclass.hpp" />
		<Unit filename="src/util/base/constants.hpp" />
		<Unit filename="src/util/base/in.hpp" />
		<Unit filename="src/util/base/memory.hpp" />
		<Unit filename="src/util/base/out.cpp" />
		<Unit filename="src/util/base/out.hpp" />
		<Unit filename="src/util/base/string.cpp" />
		<Unit filename="src/util/base/string.hpp" />
		<Unit filename="src/util/base/time.cpp" />
		<Unit filename="src/util/base/time.hpp" />
		<Unit filename="src/util/cfg.cpp" />
		<Unit filename="src/util/cfg.hpp" />
		<Unit filename="src/util/cmdline.cpp" />
		<Unit filename="src/util/cmdline.hpp" />
		<Unit filename="src/util/collection.hpp" />
		<Unit filename="src/util/csv.cpp" />
		<Unit filename="src/util/csv.hpp" />
		<Unit filename="src/util/factory.hpp" />
		<Unit filename="src/util/file.cpp" />
		<Unit filename="src/util/file.hpp" />
		<Unit filename="src/util/iterator.hpp" />
		<Unit filename="src/util/lexicalcast.cpp" />
		<Unit filename="src/util/lexicalcast.hpp" />
		<Unit filename="src/util/lua/extend/lcsvlib.cpp" />
		<Unit filename="src/util/lua/extend/lcsvlib.hpp" />
		<Unit filename="src/util/lua/extend/lfilelib.cpp" />
		<Unit filename="src/util/lua/extend/lfilelib.hpp" />
		<Unit filename="src/util/lua/extend/lmatrixlib.cpp" />
		<Unit filename="src/util/lua/extend/lmatrixlib.hpp" />
		<Unit filename="src/util/lua/extend/lmemorylib.cpp" />
		<Unit filename="src/util/lua/extend/lmemorylib.hpp" />
		<Unit filename="src/util/lua/extend/lnetlib.cpp" />
		<Unit filename="src/util/lua/extend/lnetlib.hpp" />
		<Unit filename="src/util/lua/extend/lprocesslib.cpp" />
		<Unit filename="src/util/lua/extend/lprocesslib.hpp" />
		<Unit filename="src/util/lua/extend/lregexlib.cpp" />
		<Unit filename="src/util/lua/extend/lregexlib.hpp" />
		<Unit filename="src/util/lua/extend/lthreadlib.cpp" />
		<Unit filename="src/util/lua/extend/lthreadlib.hpp" />
		<Unit filename="src/util/lua/src/Makefile" />
		<Unit filename="src/util/lua/src/lapi.c">
			<Option compilerVar="CC" />
		</Unit>
		<Unit filename="src/util/lua/src/lapi.h" />
		<Unit filename="src/util/lua/src/lauxlib.c">
			<Option compilerVar="CC" />
		</Unit>
		<Unit filename="src/util/lua/src/lauxlib.h" />
		<Unit filename="src/util/lua/src/lbaselib.c">
			<Option compilerVar="CC" />
		</Unit>
		<Unit filename="src/util/lua/src/lbitlib.c">
			<Option compilerVar="CC" />
		</Unit>
		<Unit filename="src/util/lua/src/lcode.c">
			<Option compilerVar="CC" />
		</Unit>
		<Unit filename="src/util/lua/src/lcode.h" />
		<Unit filename="src/util/lua/src/lcorolib.c">
			<Option compilerVar="CC" />
		</Unit>
		<Unit filename="src/util/lua/src/lctype.c">
			<Option compilerVar="CC" />
		</Unit>
		<Unit filename="src/util/lua/src/lctype.h" />
		<Unit filename="src/util/lua/src/ldblib.c">
			<Option compilerVar="CC" />
		</Unit>
		<Unit filename="src/util/lua/src/ldebug.c">
			<Option compilerVar="CC" />
		</Unit>
		<Unit filename="src/util/lua/src/ldebug.h" />
		<Unit filename="src/util/lua/src/ldo.c">
			<Option compilerVar="CC" />
		</Unit>
		<Unit filename="src/util/lua/src/ldo.h" />
		<Unit filename="src/util/lua/src/ldump.c">
			<Option compilerVar="CC" />
		</Unit>
		<Unit filename="src/util/lua/src/lfunc.c">
			<Option compilerVar="CC" />
		</Unit>
		<Unit filename="src/util/lua/src/lfunc.h" />
		<Unit filename="src/util/lua/src/lgc.c">
			<Option compilerVar="CC" />
		</Unit>
		<Unit filename="src/util/lua/src/lgc.h" />
		<Unit filename="src/util/lua/src/linit.c">
			<Option compilerVar="CC" />
		</Unit>
		<Unit filename="src/util/lua/src/liolib.c">
			<Option compilerVar="CC" />
		</Unit>
		<Unit filename="src/util/lua/src/llex.c">
			<Option compilerVar="CC" />
		</Unit>
		<Unit filename="src/util/lua/src/llex.h" />
		<Unit filename="src/util/lua/src/llimits.h" />
		<Unit filename="src/util/lua/src/lmathlib.c">
			<Option compilerVar="CC" />
		</Unit>
		<Unit filename="src/util/lua/src/lmem.c">
			<Option compilerVar="CC" />
		</Unit>
		<Unit filename="src/util/lua/src/lmem.h" />
		<Unit filename="src/util/lua/src/loadlib.c">
			<Option compilerVar="CC" />
		</Unit>
		<Unit filename="src/util/lua/src/lobject.c">
			<Option compilerVar="CC" />
		</Unit>
		<Unit filename="src/util/lua/src/lobject.h" />
		<Unit filename="src/util/lua/src/lopcodes.c">
			<Option compilerVar="CC" />
		</Unit>
		<Unit filename="src/util/lua/src/lopcodes.h" />
		<Unit filename="src/util/lua/src/loslib.c">
			<Option compilerVar="CC" />
		</Unit>
		<Unit filename="src/util/lua/src/lparser.c">
			<Option compilerVar="CC" />
		</Unit>
		<Unit filename="src/util/lua/src/lparser.h" />
		<Unit filename="src/util/lua/src/lprefix.h" />
		<Unit filename="src/util/lua/src/lstate.c">
			<Option compilerVar="CC" />
		</Unit>
		<Unit filename="src/util/lua/src/lstate.h" />
		<Unit filename="src/util/lua/src/lstring.c">
			<Option compilerVar="CC" />
		</Unit>
		<Unit filename="src/util/lua/src/lstring.h" />
		<Unit filename="src/util/lua/src/lstrlib.c">
			<Option compilerVar="CC" />
		</Unit>
		<Unit filename="src/util/lua/src/ltable.c">
			<Option compilerVar="CC" />
		</Unit>
		<Unit filename="src/util/lua/src/ltable.h" />
		<Unit filename="src/util/lua/src/ltablib.c">
			<Option compilerVar="CC" />
		</Unit>
		<Unit filename="src/util/lua/src/ltm.c">
			<Option compilerVar="CC" />
		</Unit>
		<Unit filename="src/util/lua/src/ltm.h" />
		<Unit filename="src/util/lua/src/lua.c">
			<Option compilerVar="CC" />
		</Unit>
		<Unit filename="src/util/lua/src/lua.h" />
		<Unit filename="src/util/lua/src/lua.hpp" />
		<Unit filename="src/util/lua/src/luac.c">
			<Option compilerVar="CC" />
		</Unit>
		<Unit filename="src/util/lua/src/luaconf.h" />
		<Unit filename="src/util/lua/src/lualib.h" />
		<Unit filename="src/util/lua/src/lundump.c">
			<Option compilerVar="CC" />
		</Unit>
		<Unit filename="src/util/lua/src/lundump.h" />
		<Unit filename="src/util/lua/src/lutf8lib.c">
			<Option compilerVar="CC" />
		</Unit>
		<Unit filename="src/util/lua/src/lvm.c">
			<Option compilerVar="CC" />
		</Unit>
		<Unit filename="src/util/lua/src/lvm.h" />
		<Unit filename="src/util/lua/src/lzio.c">
			<Option compilerVar="CC" />
		</Unit>
		<Unit filename="src/util/lua/src/lzio.h" />
		<Unit filename="src/util/luaextend.cpp" />
		<Unit filename="src/util/luaextend.hpp" />
		<Unit filename="src/util/luax.cpp" />
		<Unit filename="src/util/luax.hpp" />
		<Unit filename="src/util/matrix.cpp" />
		<Unit filename="src/util/matrix.hpp" />
		<Unit filename="src/util/net.cpp" />
		<Unit filename="src/util/net.hpp" />
		<Unit filename="src/util/process.cpp" />
		<Unit filename="src/util/process.hpp" />
		<Unit filename="src/util/regex.cpp" />
		<Unit filename="src/util/regex.hpp" />
		<Unit filename="src/util/regex/deelx.h" />
		<Unit filename="src/util/strategy.hpp" />
		<Unit filename="src/util/thread.cpp" />
		<Unit filename="src/util/thread.hpp" />
		<Unit filename="src/util/timer.hpp" />
		<Unit filename="src/util/trace.hpp" />
		<Unit filename="src/util/trace/information.cpp" />
		<Unit filename="src/util/trace/information.hpp" />
		<Unit filename="src/util/trace/informationthread.cpp" />
		<Unit filename="src/util/trace/informationthread.hpp" />
		<Unit filename="src/util/trace/listener/filelistener.cpp" />
		<Unit filename="src/util/trace/listener/filelistener.hpp" />
		<Unit filename="src/util/trace/listener/stdoutlistener.cpp" />
		<Unit filename="src/util/trace/listener/stdoutlistener.hpp" />
		<Unit filename="src/util/trace/listener/tcplistener.cpp" />
		<Unit filename="src/util/trace/listener/tcplistener.hpp" />
		<Unit filename="src/util/trace/listener/udplistener.cpp" />
		<Unit filename="src/util/trace/listener/udplistener.hpp" />
		<Unit filename="src/util/trace/tracemgr.cpp" />
		<Unit filename="src/util/trace/tracemgr.hpp" />
		<Unit filename="src/util/typeinfo.hpp" />
		<Unit filename="src/util/unittest.cpp" />
		<Unit filename="src/util/unittest.hpp" />
		<Extensions>
			<code_completion />
			<envvars />
			<debugger />
			<lib_finder disable_auto="1" />
			<DoxyBlocks>
				<comment_style block="0" line="0" />
				<doxyfile_project />
				<doxyfile_build />
				<doxyfile_warnings />
				<doxyfile_output />
				<doxyfile_dot />
				<general />
			</DoxyBlocks>
		</Extensions>
	</Project>
</CodeBlocks_project_file>
